// !$*UTF8*$!
{
	archiveVersion = 1;
	classes = {
	};
	objectVersion = 46;
	objects = {

/* Begin PBXBuildFile section */
		DC2B5CD41D080EE4007B956F /* main.m in Sources */ = {isa = PBXBuildFile; fileRef = DC2B5CD31D080EE4007B956F /* main.m */; };
		DC2B5CD71D080EE4007B956F /* AppDelegate.m in Sources */ = {isa = PBXBuildFile; fileRef = DC2B5CD61D080EE4007B956F /* AppDelegate.m */; };
		DC2B5CDA1D080EE4007B956F /* ViewController.m in Sources */ = {isa = PBXBuildFile; fileRef = DC2B5CD91D080EE4007B956F /* ViewController.m */; };
		DC2B5CDD1D080EE4007B956F /* Main.storyboard in Resources */ = {isa = PBXBuildFile; fileRef = DC2B5CDB1D080EE4007B956F /* Main.storyboard */; };
		DC2B5CDF1D080EE4007B956F /* Assets.xcassets in Resources */ = {isa = PBXBuildFile; fileRef = DC2B5CDE1D080EE4007B956F /* Assets.xcassets */; };
		DC2B5CE21D080EE4007B956F /* LaunchScreen.storyboard in Resources */ = {isa = PBXBuildFile; fileRef = DC2B5CE01D080EE4007B956F /* LaunchScreen.storyboard */; };
		DC2B5CED1D080EE4007B956F /* fsfsdTests.m in Sources */ = {isa = PBXBuildFile; fileRef = DC2B5CEC1D080EE4007B956F /* fsfsdTests.m */; };
		DC2B5CF81D080EE4007B956F /* fsfsdUITests.m in Sources */ = {isa = PBXBuildFile; fileRef = DC2B5CF71D080EE4007B956F /* fsfsdUITests.m */; };
/* End PBXBuildFile section */

/* Begin PBXContainerItemProxy section */
		DC2B5CE91D080EE4007B956F /* PBXContainerItemProxy */ = {
			isa = PBXContainerItemProxy;
			containerPortal = DC2B5CC71D080EE4007B956F /* Project object */;
			proxyType = 1;
			remoteGlobalIDString = DC2B5CCE1D080EE4007B956F;
			remoteInfo = fsfsd;
		};
		DC2B5CF41D080EE4007B956F /* PBXContainerItemProxy */ = {
			isa = PBXContainerItemProxy;
			containerPortal = DC2B5CC71D080EE4007B956F /* Project object */;
			proxyType = 1;
			remoteGlobalIDString = DC2B5CCE1D080EE4007B956F;
			remoteInfo = fsfsd;
		};
/* End PBXContainerItemProxy section */

/* Begin PBXFileReference section */
		DC2B5CCF1D080EE4007B956F /* fsfsd.app */ = {isa = PBXFileReference; explicitFileType = wrapper.application; includeInIndex = 0; path = fsfsd.app; sourceTree = BUILT_PRODUCTS_DIR; };
		DC2B5CD31D080EE4007B956F /* main.m */ = {isa = PBXFileReference; lastKnownFileType = sourcecode.c.objc; path = main.m; sourceTree = "<group>"; };
		DC2B5CD51D080EE4007B956F /* AppDelegate.h */ = {isa = PBXFileReference; lastKnownFileType = sourcecode.c.h; path = AppDelegate.h; sourceTree = "<group>"; };
		DC2B5CD61D080EE4007B956F /* AppDelegate.m */ = {isa = PBXFileReference; lastKnownFileType = sourcecode.c.objc; path = AppDelegate.m; sourceTree = "<group>"; };
		DC2B5CD81D080EE4007B956F /* ViewController.h */ = {isa = PBXFileReference; lastKnownFileType = sourcecode.c.h; path = ViewController.h; sourceTree = "<group>"; };
		DC2B5CD91D080EE4007B956F /* ViewController.m */ = {isa = PBXFileReference; lastKnownFileType = sourcecode.c.objc; path = ViewController.m; sourceTree = "<group>"; };
		DC2B5CDC1D080EE4007B956F /* Base */ = {isa = PBXFileReference; lastKnownFileType = file.storyboard; name = Base; path = Base.lproj/Main.storyboard; sourceTree = "<group>"; };
		DC2B5CDE1D080EE4007B956F /* Assets.xcassets */ = {isa = PBXFileReference; lastKnownFileType = folder.assetcatalog; path = Assets.xcassets; sourceTree = "<group>"; };
		DC2B5CE11D080EE4007B956F /* Base */ = {isa = PBXFileReference; lastKnownFileType = file.storyboard; name = Base; path = Base.lproj/LaunchScreen.storyboard; sourceTree = "<group>"; };
		DC2B5CE31D080EE4007B956F /* Info.plist */ = {isa = PBXFileReference; lastKnownFileType = text.plist.xml; path = Info.plist; sourceTree = "<group>"; };
		DC2B5CE81D080EE4007B956F /* fsfsdTests.xctest */ = {isa = PBXFileReference; explicitFileType = wrapper.cfbundle; includeInIndex = 0; path = fsfsdTests.xctest; sourceTree = BUILT_PRODUCTS_DIR; };
		DC2B5CEC1D080EE4007B956F /* fsfsdTests.m */ = {isa = PBXFileReference; lastKnownFileType = sourcecode.c.objc; path = fsfsdTests.m; sourceTree = "<group>"; };
		DC2B5CEE1D080EE4007B956F /* Info.plist */ = {isa = PBXFileReference; lastKnownFileType = text.plist.xml; path = Info.plist; sourceTree = "<group>"; };
		DC2B5CF31D080EE4007B956F /* fsfsdUITests.xctest */ = {isa = PBXFileReference; explicitFileType = wrapper.cfbundle; includeInIndex = 0; path = fsfsdUITests.xctest; sourceTree = BUILT_PRODUCTS_DIR; };
		DC2B5CF71D080EE4007B956F /* fsfsdUITests.m */ = {isa = PBXFileReference; lastKnownFileType = sourcecode.c.objc; path = fsfsdUITests.m; sourceTree = "<group>"; };
		DC2B5CF91D080EE4007B956F /* Info.plist */ = {isa = PBXFileReference; lastKnownFileType = text.plist.xml; path = Info.plist; sourceTree = "<group>"; };
/* End PBXFileReference section */

/* Begin PBXFrameworksBuildPhase section */
		DC2B5CCC1D080EE4007B956F /* Frameworks */ = {
			isa = PBXFrameworksBuildPhase;
			buildActionMask = 2147483647;
			files = (
			);
			runOnlyForDeploymentPostprocessing = 0;
		};
		DC2B5CE51D080EE4007B956F /* Frameworks */ = {
			isa = PBXFrameworksBuildPhase;
			buildActionMask = 2147483647;
			files = (
			);
			runOnlyForDeploymentPostprocessing = 0;
		};
		DC2B5CF01D080EE4007B956F /* Frameworks */ = {
			isa = PBXFrameworksBuildPhase;
			buildActionMask = 2147483647;
			files = (
			);
			runOnlyForDeploymentPostprocessing = 0;
		};
/* End PBXFrameworksBuildPhase section */

/* Begin PBXGroup section */
		DC2B5CC61D080EE4007B956F = {
			isa = PBXGroup;
			children = (
				DC2B5CD11D080EE4007B956F /* fsfsd */,
				DC2B5CEB1D080EE4007B956F /* fsfsdTests */,
				DC2B5CF61D080EE4007B956F /* fsfsdUITests */,
				DC2B5CD01D080EE4007B956F /* Products */,
			);
			sourceTree = "<group>";
		};
		DC2B5CD01D080EE4007B956F /* Products */ = {
			isa = PBXGroup;
			children = (
				DC2B5CCF1D080EE4007B956F /* fsfsd.app */,
				DC2B5CE81D080EE4007B956F /* fsfsdTests.xctest */,
				DC2B5CF31D080EE4007B956F /* fsfsdUITests.xctest */,
			);
			name = Products;
			sourceTree = "<group>";
		};
		DC2B5CD11D080EE4007B956F /* fsfsd */ = {
			isa = PBXGroup;
			children = (
				DC2B5CD51D080EE4007B956F /* AppDelegate.h */,
				DC2B5CD61D080EE4007B956F /* AppDelegate.m */,
				DC2B5CD81D080EE4007B956F /* ViewController.h */,
				DC2B5CD91D080EE4007B956F /* ViewController.m */,
				DC2B5CDB1D080EE4007B956F /* Main.storyboard */,
				DC2B5CDE1D080EE4007B956F /* Assets.xcassets */,
				DC2B5CE01D080EE4007B956F /* LaunchScreen.storyboard */,
				DC2B5CE31D080EE4007B956F /* Info.plist */,
				DC2B5CD21D080EE4007B956F /* Supporting Files */,
			);
			path = fsfsd;
			sourceTree = "<group>";
		};
		DC2B5CD21D080EE4007B956F /* Supporting Files */ = {
			isa = PBXGroup;
			children = (
				DC2B5CD31D080EE4007B956F /* main.m */,
			);
			name = "Supporting Files";
			sourceTree = "<group>";
		};
		DC2B5CEB1D080EE4007B956F /* fsfsdTests */ = {
			isa = PBXGroup;
			children = (
				DC2B5CEC1D080EE4007B956F /* fsfsdTests.m */,
				DC2B5CEE1D080EE4007B956F /* Info.plist */,
			);
			path = fsfsdTests;
			sourceTree = "<group>";
		};
		DC2B5CF61D080EE4007B956F /* fsfsdUITests */ = {
			isa = PBXGroup;
			children = (
				DC2B5CF71D080EE4007B956F /* fsfsdUITests.m */,
				DC2B5CF91D080EE4007B956F /* Info.plist */,
			);
			path = fsfsdUITests;
			sourceTree = "<group>";
		};
/* End PBXGroup section */

/* Begin PBXNativeTarget section */
		DC2B5CCE1D080EE4007B956F /* fsfsd */ = {
			isa = PBXNativeTarget;
			buildConfigurationList = DC2B5CFC1D080EE4007B956F /* Build configuration list for PBXNativeTarget "fsfsd" */;
			buildPhases = (
				DC2B5CCB1D080EE4007B956F /* Sources */,
				DC2B5CCC1D080EE4007B956F /* Frameworks */,
				DC2B5CCD1D080EE4007B956F /* Resources */,
			);
			buildRules = (
			);
			dependencies = (
			);
			name = fsfsd;
			productName = fsfsd;
			productReference = DC2B5CCF1D080EE4007B956F /* fsfsd.app */;
			productType = "com.apple.product-type.application";
		};
		DC2B5CE71D080EE4007B956F /* fsfsdTests */ = {
			isa = PBXNativeTarget;
			buildConfigurationList = DC2B5CFF1D080EE4007B956F /* Build configuration list for PBXNativeTarget "fsfsdTests" */;
			buildPhases = (
				DC2B5CE41D080EE4007B956F /* Sources */,
				DC2B5CE51D080EE4007B956F /* Frameworks */,
				DC2B5CE61D080EE4007B956F /* Resources */,
			);
			buildRules = (
			);
			dependencies = (
				DC2B5CEA1D080EE4007B956F /* PBXTargetDependency */,
			);
			name = fsfsdTests;
			productName = fsfsdTests;
			productReference = DC2B5CE81D080EE4007B956F /* fsfsdTests.xctest */;
			productType = "com.apple.product-type.bundle.unit-test";
		};
		DC2B5CF21D080EE4007B956F /* fsfsdUITests */ = {
			isa = PBXNativeTarget;
			buildConfigurationList = DC2B5D021D080EE4007B956F /* Build configuration list for PBXNativeTarget "fsfsdUITests" */;
			buildPhases = (
				DC2B5CEF1D080EE4007B956F /* Sources */,
				DC2B5CF01D080EE4007B956F /* Frameworks */,
				DC2B5CF11D080EE4007B956F /* Resources */,
			);
			buildRules = (
			);
			dependencies = (
				DC2B5CF51D080EE4007B956F /* PBXTargetDependency */,
			);
			name = fsfsdUITests;
			productName = fsfsdUITests;
			productReference = DC2B5CF31D080EE4007B956F /* fsfsdUITests.xctest */;
			productType = "com.apple.product-type.bundle.ui-testing";
		};
/* End PBXNativeTarget section */

/* Begin PBXProject section */
		DC2B5CC71D080EE4007B956F /* Project object */ = {
			isa = PBXProject;
			attributes = {
				LastUpgradeCheck = 0720;
				ORGANIZATIONNAME = NegHao.W;
				TargetAttributes = {
					DC2B5CCE1D080EE4007B956F = {
						CreatedOnToolsVersion = 7.2;
					};
					DC2B5CE71D080EE4007B956F = {
						CreatedOnToolsVersion = 7.2;
						TestTargetID = DC2B5CCE1D080EE4007B956F;
					};
					DC2B5CF21D080EE4007B956F = {
						CreatedOnToolsVersion = 7.2;
						TestTargetID = DC2B5CCE1D080EE4007B956F;
					};
				};
			};
			buildConfigurationList = DC2B5CCA1D080EE4007B956F /* Build configuration list for PBXProject "fsfsd" */;
			compatibilityVersion = "Xcode 3.2";
			developmentRegion = English;
			hasScannedForEncodings = 0;
			knownRegions = (
				en,
				Base,
			);
			mainGroup = DC2B5CC61D080EE4007B956F;
			productRefGroup = DC2B5CD01D080EE4007B956F /* Products */;
			projectDirPath = "";
			projectRoot = "";
			targets = (
				DC2B5CCE1D080EE4007B956F /* fsfsd */,
				DC2B5CE71D080EE4007B956F /* fsfsdTests */,
				DC2B5CF21D080EE4007B956F /* fsfsdUITests */,
			);
		};
/* End PBXProject section */

/* Begin PBXResourcesBuildPhase section */
		DC2B5CCD1D080EE4007B956F /* Resources */ = {
			isa = PBXResourcesBuildPhase;
			buildActionMask = 2147483647;
			files = (
				DC2B5CE21D080EE4007B956F /* LaunchScreen.storyboard in Resources */,
				DC2B5CDF1D080EE4007B956F /* Assets.xcassets in Resources */,
				DC2B5CDD1D080EE4007B956F /* Main.storyboard in Resources */,
			);
			runOnlyForDeploymentPostprocessing = 0;
		};
		DC2B5CE61D080EE4007B956F /* Resources */ = {
			isa = PBXResourcesBuildPhase;
			buildActionMask = 2147483647;
			files = (
			);
			runOnlyForDeploymentPostprocessing = 0;
		};
		DC2B5CF11D080EE4007B956F /* Resources */ = {
			isa = PBXResourcesBuildPhase;
			buildActionMask = 2147483647;
			files = (
			);
			runOnlyForDeploymentPostprocessing = 0;
		};
/* End PBXResourcesBuildPhase section */

/* Begin PBXSourcesBuildPhase section */
		DC2B5CCB1D080EE4007B956F /* Sources */ = {
			isa = PBXSourcesBuildPhase;
			buildActionMask = 2147483647;
			files = (
				DC2B5CDA1D080EE4007B956F /* ViewController.m in Sources */,
				DC2B5CD71D080EE4007B956F /* AppDelegate.m in Sources */,
				DC2B5CD41D080EE4007B956F /* main.m in Sources */,
			);
			runOnlyForDeploymentPostprocessing = 0;
		};
		DC2B5CE41D080EE4007B956F /* Sources */ = {
			isa = PBXSourcesBuildPhase;
			buildActionMask = 2147483647;
			files = (
				DC2B5CED1D080EE4007B956F /* fsfsdTests.m in Sources */,
			);
			runOnlyForDeploymentPostprocessing = 0;
		};
		DC2B5CEF1D080EE4007B956F /* Sources */ = {
			isa = PBXSourcesBuildPhase;
			buildActionMask = 2147483647;
			files = (
				DC2B5CF81D080EE4007B956F /* fsfsdUITests.m in Sources */,
			);
			runOnlyForDeploymentPostprocessing = 0;
		};
/* End PBXSourcesBuildPhase section */

/* Begin PBXTargetDependency section */
		DC2B5CEA1D080EE4007B956F /* PBXTargetDependency */ = {
			isa = PBXTargetDependency;
			target = DC2B5CCE1D080EE4007B956F /* fsfsd */;
			targetProxy = DC2B5CE91D080EE4007B956F /* PBXContainerItemProxy */;
		};
		DC2B5CF51D080EE4007B956F /* PBXTargetDependency */ = {
			isa = PBXTargetDependency;
			target = DC2B5CCE1D080EE4007B956F /* fsfsd */;
			targetProxy = DC2B5CF41D080EE4007B956F /* PBXContainerItemProxy */;
		};
/* End PBXTargetDependency section */

/* Begin PBXVariantGroup section */
		DC2B5CDB1D080EE4007B956F /* Main.storyboard */ = {
			isa = PBXVariantGroup;
			children = (
				DC2B5CDC1D080EE4007B956F /* Base */,
			);
			name = Main.storyboard;
			sourceTree = "<group>";
		};
		DC2B5CE01D080EE4007B956F /* LaunchScreen.storyboard */ = {
			isa = PBXVariantGroup;
			children = (
				DC2B5CE11D080EE4007B956F /* Base */,
			);
			name = LaunchScreen.storyboard;
			sourceTree = "<group>";
		};
/* End PBXVariantGroup section */

/* Begin XCBuildConfiguration section */
		DC2B5CFA1D080EE4007B956F /* Debug */ = {
			isa = XCBuildConfiguration;
			buildSettings = {
				ALWAYS_SEARCH_USER_PATHS = NO;
				CLANG_CXX_LANGUAGE_STANDARD = "gnu++0x";
				CLANG_CXX_LIBRARY = "libc++";
				CLANG_ENABLE_MODULES = YES;
				CLANG_ENABLE_OBJC_ARC = YES;
				CLANG_WARN_BOOL_CONVERSION = YES;
				CLANG_WARN_CONSTANT_CONVERSION = YES;
				CLANG_WARN_DIRECT_OBJC_ISA_USAGE = YES_ERROR;
				CLANG_WARN_EMPTY_BODY = YES;
				CLANG_WARN_ENUM_CONVERSION = YES;
				CLANG_WARN_INT_CONVERSION = YES;
				CLANG_WARN_OBJC_ROOT_CLASS = YES_ERROR;
				CLANG_WARN_UNREACHABLE_CODE = YES;
				CLANG_WARN__DUPLICATE_METHOD_MATCH = YES;
				"CODE_SIGN_IDENTITY[sdk=iphoneos*]" = "iPhone Developer";
				COPY_PHASE_STRIP = NO;
				DEBUG_INFORMATION_FORMAT = dwarf;
				ENABLE_STRICT_OBJC_MSGSEND = YES;
				ENABLE_TESTABILITY = YES;
				GCC_C_LANGUAGE_STANDARD = gnu99;
				GCC_DYNAMIC_NO_PIC = NO;
				GCC_NO_COMMON_BLOCKS = YES;
				GCC_OPTIMIZATION_LEVEL = 0;
				GCC_PREPROCESSOR_DEFINITIONS = (
					"DEBUG=1",
					"$(inherited)",
				);
				GCC_WARN_64_TO_32_BIT_CONVERSION = YES;
				GCC_WARN_ABOUT_RETURN_TYPE = YES_ERROR;
				GCC_WARN_UNDECLARED_SELECTOR = YES;
				GCC_WARN_UNINITIALIZED_AUTOS = YES_AGGRESSIVE;
				GCC_WARN_UNUSED_FUNCTION = YES;
				GCC_WARN_UNUSED_VARIABLE = YES;
				IPHONEOS_DEPLOYMENT_TARGET = 9.2;
				MTL_ENABLE_DEBUG_INFO = YES;
				ONLY_ACTIVE_ARCH = YES;
				SDKROOT = iphoneos;
				TARGETED_DEVICE_FAMILY = "1,2";
			};
			name = Debug;
		};
		DC2B5CFB1D080EE4007B956F /* Release */ = {
			isa = XCBuildConfiguration;
			buildSettings = {
				ALWAYS_SEARCH_USER_PATHS = NO;
				CLANG_CXX_LANGUAGE_STANDARD = "gnu++0x";
				CLANG_CXX_LIBRARY = "libc++";
				CLANG_ENABLE_MODULES = YES;
				CLANG_ENABLE_OBJC_ARC = YES;
				CLANG_WARN_BOOL_CONVERSION = YES;
				CLANG_WARN_CONSTANT_CONVERSION = YES;
				CLANG_WARN_DIRECT_OBJC_ISA_USAGE = YES_ERROR;
				CLANG_WARN_EMPTY_BODY = YES;
				CLANG_WARN_ENUM_CONVERSION = YES;
				CLANG_WARN_INT_CONVERSION = YES;
				CLANG_WARN_OBJC_ROOT_CLASS = YES_ERROR;
				CLANG_WARN_UNREACHABLE_CODE = YES;
				CLANG_WARN__DUPLICATE_METHOD_MATCH = YES;
				"CODE_SIGN_IDENTITY[sdk=iphoneos*]" = "iPhone Developer";
				COPY_PHASE_STRIP = NO;
				DEBUG_INFORMATION_FORMAT = "dwarf-with-dsym";
				ENABLE_NS_ASSERTIONS = NO;
				ENABLE_STRICT_OBJC_MSGSEND = YES;
				GCC_C_LANGUAGE_STANDARD = gnu99;
				GCC_NO_COMMON_BLOCKS = YES;
				GCC_WARN_64_TO_32_BIT_CONVERSION = YES;
				GCC_WARN_ABOUT_RETURN_TYPE = YES_ERROR;
				GCC_WARN_UNDECLARED_SELECTOR = YES;
				GCC_WARN_UNINITIALIZED_AUTOS = YES_AGGRESSIVE;
				GCC_WARN_UNUSED_FUNCTION = YES;
				GCC_WARN_UNUSED_VARIABLE = YES;
				IPHONEOS_DEPLOYMENT_TARGET = 9.2;
				MTL_ENABLE_DEBUG_INFO = NO;
				SDKROOT = iphoneos;
				TARGETED_DEVICE_FAMILY = "1,2";
				VALIDATE_PRODUCT = YES;
			};
			name = Release;
		};
		DC2B5CFD1D080EE4007B956F /* Debug */ = {
			isa = XCBuildConfiguration;
			buildSettings = {
				ASSETCATALOG_COMPILER_APPICON_NAME = AppIcon;
				INFOPLIST_FILE = fsfsd/Info.plist;
				LD_RUNPATH_SEARCH_PATHS = "$(inherited) @executable_path/Frameworks";
				PRODUCT_BUNDLE_IDENTIFIER = NegHao.fsfsd;
				PRODUCT_NAME = "$(TARGET_NAME)";
			};
			name = Debug;
		};
		DC2B5CFE1D080EE4007B956F /* Release */ = {
			isa = XCBuildConfiguration;
			buildSettings = {
				ASSETCATALOG_COMPILER_APPICON_NAME = AppIcon;
				INFOPLIST_FILE = fsfsd/Info.plist;
				LD_RUNPATH_SEARCH_PATHS = "$(inherited) @executable_path/Frameworks";
				PRODUCT_BUNDLE_IDENTIFIER = NegHao.fsfsd;
				PRODUCT_NAME = "$(TARGET_NAME)";
			};
			name = Release;
		};
		DC2B5D001D080EE4007B956F /* Debug */ = {
			isa = XCBuildConfiguration;
			buildSettings = {
				BUNDLE_LOADER = "$(TEST_HOST)";
				INFOPLIST_FILE = fsfsdTests/Info.plist;
				LD_RUNPATH_SEARCH_PATHS = "$(inherited) @executable_path/Frameworks @loader_path/Frameworks";
				PRODUCT_BUNDLE_IDENTIFIER = NegHao.fsfsdTests;
				PRODUCT_NAME = "$(TARGET_NAME)";
				TEST_HOST = "$(BUILT_PRODUCTS_DIR)/fsfsd.app/fsfsd";
			};
			name = Debug;
		};
		DC2B5D011D080EE4007B956F /* Release */ = {
			isa = XCBuildConfiguration;
			buildSettings = {
				BUNDLE_LOADER = "$(TEST_HOST)";
				INFOPLIST_FILE = fsfsdTests/Info.plist;
				LD_RUNPATH_SEARCH_PATHS = "$(inherited) @executable_path/Frameworks @loader_path/Frameworks";
				PRODUCT_BUNDLE_IDENTIFIER = NegHao.fsfsdTests;
				PRODUCT_NAME = "$(TARGET_NAME)";
				TEST_HOST = "$(BUILT_PRODUCTS_DIR)/fsfsd.app/fsfsd";
			};
			name = Release;
		};
		DC2B5D031D080EE4007B956F /* Debug */ = {
			isa = XCBuildConfiguration;
			buildSettings = {
				INFOPLIST_FILE = fsfsdUITests/Info.plist;
				LD_RUNPATH_SEARCH_PATHS = "$(inherited) @executable_path/Frameworks @loader_path/Frameworks";
				PRODUCT_BUNDLE_IDENTIFIER = NegHao.fsfsdUITests;
				PRODUCT_NAME = "$(TARGET_NAME)";
				TEST_TARGET_NAME = fsfsd;
				USES_XCTRUNNER = YES;
			};
			name = Debug;
		};
		DC2B5D041D080EE4007B956F /* Release */ = {
			isa = XCBuildConfiguration;
			buildSettings = {
				INFOPLIST_FILE = fsfsdUITests/Info.plist;
				LD_RUNPATH_SEARCH_PATHS = "$(inherited) @executable_path/Frameworks @loader_path/Frameworks";
				PRODUCT_BUNDLE_IDENTIFIER = NegHao.fsfsdUITests;
				PRODUCT_NAME = "$(TARGET_NAME)";
				TEST_TARGET_NAME = fsfsd;
				USES_XCTRUNNER = YES;
			};
			name = Release;
		};
/* End XCBuildConfiguration section */

/* Begin XCConfigurationList section */
		DC2B5CCA1D080EE4007B956F /* Build configuration list for PBXProject "fsfsd" */ = {
			isa = XCConfigurationList;
			buildConfigurations = (
				DC2B5CFA1D080EE4007B956F /* Debug */,
				DC2B5CFB1D080EE4007B956F /* Release */,
			);
			defaultConfigurationIsVisible = 0;
			defaultConfigurationName = Release;
		};
		DC2B5CFC1D080EE4007B956F /* Build configuration list for PBXNativeTarget "fsfsd" */ = {
			isa = XCConfigurationList;
			buildConfigurations = (
				DC2B5CFD1D080EE4007B956F /* Debug */,
				DC2B5CFE1D080EE4007B956F /* Release */,
			);
			defaultConfigurationIsVisible = 0;
		};
		DC2B5CFF1D080EE4007B956F /* Build configuration list for PBXNativeTarget "fsfsdTests" */ = {
			isa = XCConfigurationList;
			buildConfigurations = (
				DC2B5D001D080EE4007B956F /* Debug */,
				DC2B5D011D080EE4007B956F /* Release */,
			);
			defaultConfigurationIsVisible = 0;
		};
		DC2B5D021D080EE4007B956F /* Build configuration list for PBXNativeTarget "fsfsdUITests" */ = {
			isa = XCConfigurationList;
			buildConfigurations = (
				DC2B5D031D080EE4007B956F /* Debug */,
				DC2B5D041D080EE4007B956F /* Release */,
			);
			defaultConfigurationIsVisible = 0;
		};
/* End XCConfigurationList section */
	};
	rootObject = DC2B5CC71D080EE4007B956F /* Project object */;
}
